
Microsoft Visual Studio Solution File, Format Version 12.00
# Visual Studio Version 17
VisualStudioVersion = 17.8.0.0
MinimumVisualStudioVersion = 17.8.0.0
Project("{9A19103F-16F7-4668-BE54-9A1E7A4F7556}") = "MicroTasks.AppHost", "MicroTasks.AppHost\MicroTasks.AppHost.csproj", "{19C6B23F-78E8-4B83-A617-C4FDC0EB417A}"
EndProject
Project("{9A19103F-16F7-4668-BE54-9A1E7A4F7556}") = "MicroTasks.ServiceDefaults", "MicroTasks.ServiceDefaults\MicroTasks.ServiceDefaults.csproj", "{F06CFE6D-6B0A-4E9A-88E9-1C489370A6B3}"
EndProject
Project("{2150E333-8FDC-42A3-9474-1A3956D46DE8}") = "services", "services", "{5854FF58-B8C5-05C6-5BF2-ACE42193F22B}"
EndProject
Project("{FAE04EC0-301F-11D3-BF4B-00C04F79EFBC}") = "MicroTasks.Company", "services\MicroTasks.Company\MicroTasks.Company.csproj", "{4F4D4533-C9E0-4A41-9998-BC03AE286003}"
EndProject
Project("{2150E333-8FDC-42A3-9474-1A3956D46DE8}") = "tests", "tests", "{0AB3BF05-4346-4AA6-1389-037BE0695223}"
EndProject
Project("{FAE04EC0-301F-11D3-BF4B-00C04F79EFBC}") = "MicroTasks.Company.Tests", "tests\MicroTasks.Company.Tests\MicroTasks.Company.Tests.csproj", "{47378F5A-BC5F-4927-9CC9-3F51F3EDB6B5}"
EndProject
Global
	GlobalSection(SolutionConfigurationPlatforms) = preSolution
		Debug|Any CPU = Debug|Any CPU
		Debug|x64 = Debug|x64
		Debug|x86 = Debug|x86
		Release|Any CPU = Release|Any CPU
		Release|x64 = Release|x64
		Release|x86 = Release|x86
	EndGlobalSection
	GlobalSection(ProjectConfigurationPlatforms) = postSolution
		{19C6B23F-78E8-4B83-A617-C4FDC0EB417A}.Debug|Any CPU.ActiveCfg = Debug|Any CPU
		{19C6B23F-78E8-4B83-A617-C4FDC0EB417A}.Debug|Any CPU.Build.0 = Debug|Any CPU
		{19C6B23F-78E8-4B83-A617-C4FDC0EB417A}.Debug|x64.ActiveCfg = Debug|Any CPU
		{19C6B23F-78E8-4B83-A617-C4FDC0EB417A}.Debug|x64.Build.0 = Debug|Any CPU
		{19C6B23F-78E8-4B83-A617-C4FDC0EB417A}.Debug|x86.ActiveCfg = Debug|Any CPU
		{19C6B23F-78E8-4B83-A617-C4FDC0EB417A}.Debug|x86.Build.0 = Debug|Any CPU
		{19C6B23F-78E8-4B83-A617-C4FDC0EB417A}.Release|Any CPU.ActiveCfg = Release|Any CPU
		{19C6B23F-78E8-4B83-A617-C4FDC0EB417A}.Release|Any CPU.Build.0 = Release|Any CPU
		{19C6B23F-78E8-4B83-A617-C4FDC0EB417A}.Release|x64.ActiveCfg = Release|Any CPU
		{19C6B23F-78E8-4B83-A617-C4FDC0EB417A}.Release|x64.Build.0 = Release|Any CPU
		{19C6B23F-78E8-4B83-A617-C4FDC0EB417A}.Release|x86.ActiveCfg = Release|Any CPU
		{19C6B23F-78E8-4B83-A617-C4FDC0EB417A}.Release|x86.Build.0 = Release|Any CPU
		{F06CFE6D-6B0A-4E9A-88E9-1C489370A6B3}.Debug|Any CPU.ActiveCfg = Debug|Any CPU
		{F06CFE6D-6B0A-4E9A-88E9-1C489370A6B3}.Debug|Any CPU.Build.0 = Debug|Any CPU
		{F06CFE6D-6B0A-4E9A-88E9-1C489370A6B3}.Debug|x64.ActiveCfg = Debug|Any CPU
		{F06CFE6D-6B0A-4E9A-88E9-1C489370A6B3}.Debug|x64.Build.0 = Debug|Any CPU
		{F06CFE6D-6B0A-4E9A-88E9-1C489370A6B3}.Debug|x86.ActiveCfg = Debug|Any CPU
		{F06CFE6D-6B0A-4E9A-88E9-1C489370A6B3}.Debug|x86.Build.0 = Debug|Any CPU
		{F06CFE6D-6B0A-4E9A-88E9-1C489370A6B3}.Release|Any CPU.ActiveCfg = Release|Any CPU
		{F06CFE6D-6B0A-4E9A-88E9-1C489370A6B3}.Release|Any CPU.Build.0 = Release|Any CPU
		{F06CFE6D-6B0A-4E9A-88E9-1C489370A6B3}.Release|x64.ActiveCfg = Release|Any CPU
		{F06CFE6D-6B0A-4E9A-88E9-1C489370A6B3}.Release|x64.Build.0 = Release|Any CPU
		{F06CFE6D-6B0A-4E9A-88E9-1C489370A6B3}.Release|x86.ActiveCfg = Release|Any CPU
		{F06CFE6D-6B0A-4E9A-88E9-1C489370A6B3}.Release|x86.Build.0 = Release|Any CPU
		{4F4D4533-C9E0-4A41-9998-BC03AE286003}.Debug|Any CPU.ActiveCfg = Debug|Any CPU
		{4F4D4533-C9E0-4A41-9998-BC03AE286003}.Debug|Any CPU.Build.0 = Debug|Any CPU
		{4F4D4533-C9E0-4A41-9998-BC03AE286003}.Debug|x64.ActiveCfg = Debug|Any CPU
		{4F4D4533-C9E0-4A41-9998-BC03AE286003}.Debug|x64.Build.0 = Debug|Any CPU
		{4F4D4533-C9E0-4A41-9998-BC03AE286003}.Debug|x86.ActiveCfg = Debug|Any CPU
		{4F4D4533-C9E0-4A41-9998-BC03AE286003}.Debug|x86.Build.0 = Debug|Any CPU
		{4F4D4533-C9E0-4A41-9998-BC03AE286003}.Release|Any CPU.ActiveCfg = Release|Any CPU
		{4F4D4533-C9E0-4A41-9998-BC03AE286003}.Release|Any CPU.Build.0 = Release|Any CPU
		{4F4D4533-C9E0-4A41-9998-BC03AE286003}.Release|x64.ActiveCfg = Release|Any CPU
		{4F4D4533-C9E0-4A41-9998-BC03AE286003}.Release|x64.Build.0 = Release|Any CPU
		{4F4D4533-C9E0-4A41-9998-BC03AE286003}.Release|x86.ActiveCfg = Release|Any CPU
		{4F4D4533-C9E0-4A41-9998-BC03AE286003}.Release|x86.Build.0 = Release|Any CPU
		{47378F5A-BC5F-4927-9CC9-3F51F3EDB6B5}.Debug|Any CPU.ActiveCfg = Debug|Any CPU
		{47378F5A-BC5F-4927-9CC9-3F51F3EDB6B5}.Debug|Any CPU.Build.0 = Debug|Any CPU
		{47378F5A-BC5F-4927-9CC9-3F51F3EDB6B5}.Debug|x64.ActiveCfg = Debug|Any CPU
		{47378F5A-BC5F-4927-9CC9-3F51F3EDB6B5}.Debug|x64.Build.0 = Debug|Any CPU
		{47378F5A-BC5F-4927-9CC9-3F51F3EDB6B5}.Debug|x86.ActiveCfg = Debug|Any CPU
		{47378F5A-BC5F-4927-9CC9-3F51F3EDB6B5}.Debug|x86.Build.0 = Debug|Any CPU
		{47378F5A-BC5F-4927-9CC9-3F51F3EDB6B5}.Release|Any CPU.ActiveCfg = Release|Any CPU
		{47378F5A-BC5F-4927-9CC9-3F51F3EDB6B5}.Release|Any CPU.Build.0 = Release|Any CPU
		{47378F5A-BC5F-4927-9CC9-3F51F3EDB6B5}.Release|x64.ActiveCfg = Release|Any CPU
		{47378F5A-BC5F-4927-9CC9-3F51F3EDB6B5}.Release|x64.Build.0 = Release|Any CPU
		{47378F5A-BC5F-4927-9CC9-3F51F3EDB6B5}.Release|x86.ActiveCfg = Release|Any CPU
		{47378F5A-BC5F-4927-9CC9-3F51F3EDB6B5}.Release|x86.Build.0 = Release|Any CPU
	EndGlobalSection
	GlobalSection(SolutionProperties) = preSolution
		HideSolutionNode = FALSE
	EndGlobalSection
	GlobalSection(NestedProjects) = preSolution
		{4F4D4533-C9E0-4A41-9998-BC03AE286003} = {5854FF58-B8C5-05C6-5BF2-ACE42193F22B}
		{47378F5A-BC5F-4927-9CC9-3F51F3EDB6B5} = {0AB3BF05-4346-4AA6-1389-037BE0695223}
	EndGlobalSection
	GlobalSection(ExtensibilityGlobals) = postSolution
		SolutionGuid = {FC6CB648-F96C-4CF9-9F9E-3EC1483D5137}
	EndGlobalSection
EndGlobal
